
Microsoft Visual Studio Solution File, Format Version 12.00
# Visual Studio 15
VisualStudioVersion = 15.0.26124.0
MinimumVisualStudioVersion = 15.0.26124.0
Project("{2150E333-8FDC-42A3-9474-1A3956D46DE8}") = "src", "src", "{D875A4B4-CF85-417C-A288-2D5159B18ECC}"
EndProject
Project("{2150E333-8FDC-42A3-9474-1A3956D46DE8}") = "Services", "Services", "{50F17565-9A02-4E01-9C07-C6C4AB9DFD00}"
EndProject
Project("{FAE04EC0-301F-11D3-BF4B-00C04F79EFBC}") = "ESE.Carrinho.API", "src\Services\ESE.Carrinho.API\ESE.Carrinho.API.csproj", "{C3E447C3-A0A3-40FA-8343-4B11EAE64E23}"
EndProject
Project("{FAE04EC0-301F-11D3-BF4B-00C04F79EFBC}") = "ESE.Catalogo.API", "src\Services\ESE.Catalogo.API\ESE.Catalogo.API.csproj", "{728347DC-8114-461F-A4C3-2A393E55CE84}"
EndProject
Project("{FAE04EC0-301F-11D3-BF4B-00C04F79EFBC}") = "ESE.Cliente.API", "src\Services\ESE.Cliente.API\ESE.Cliente.API.csproj", "{3D4FD1B8-92E4-478F-8709-5F9F83451CDC}"
EndProject
Project("{FAE04EC0-301F-11D3-BF4B-00C04F79EFBC}") = "ESE.Identidade.API", "src\Services\ESE.Identidade.API\ESE.Identidade.API.csproj", "{7991E115-ACD2-4C78-8209-B756EFFBF43E}"
EndProject
Project("{FAE04EC0-301F-11D3-BF4B-00C04F79EFBC}") = "ESE.Pagamento.API", "src\Services\ESE.Pagamento.API\ESE.Pagamento.API.csproj", "{92A4E979-0145-44CC-9A8B-0F6E0C1B8CBA}"
EndProject
Project("{FAE04EC0-301F-11D3-BF4B-00C04F79EFBC}") = "ESE.Pedido.API", "src\Services\ESE.Pedido.API\ESE.Pedido.API.csproj", "{FC7BDA6C-8BDC-4DA7-B96E-75E3A78E5A48}"
EndProject
Global
	GlobalSection(SolutionConfigurationPlatforms) = preSolution
		Debug|Any CPU = Debug|Any CPU
		Debug|x64 = Debug|x64
		Debug|x86 = Debug|x86
		Release|Any CPU = Release|Any CPU
		Release|x64 = Release|x64
		Release|x86 = Release|x86
	EndGlobalSection
	GlobalSection(SolutionProperties) = preSolution
		HideSolutionNode = FALSE
	EndGlobalSection
	GlobalSection(ProjectConfigurationPlatforms) = postSolution
		{C3E447C3-A0A3-40FA-8343-4B11EAE64E23}.Debug|Any CPU.ActiveCfg = Debug|Any CPU
		{C3E447C3-A0A3-40FA-8343-4B11EAE64E23}.Debug|Any CPU.Build.0 = Debug|Any CPU
		{C3E447C3-A0A3-40FA-8343-4B11EAE64E23}.Debug|x64.ActiveCfg = Debug|Any CPU
		{C3E447C3-A0A3-40FA-8343-4B11EAE64E23}.Debug|x64.Build.0 = Debug|Any CPU
		{C3E447C3-A0A3-40FA-8343-4B11EAE64E23}.Debug|x86.ActiveCfg = Debug|Any CPU
		{C3E447C3-A0A3-40FA-8343-4B11EAE64E23}.Debug|x86.Build.0 = Debug|Any CPU
		{C3E447C3-A0A3-40FA-8343-4B11EAE64E23}.Release|Any CPU.ActiveCfg = Release|Any CPU
		{C3E447C3-A0A3-40FA-8343-4B11EAE64E23}.Release|Any CPU.Build.0 = Release|Any CPU
		{C3E447C3-A0A3-40FA-8343-4B11EAE64E23}.Release|x64.ActiveCfg = Release|Any CPU
		{C3E447C3-A0A3-40FA-8343-4B11EAE64E23}.Release|x64.Build.0 = Release|Any CPU
		{C3E447C3-A0A3-40FA-8343-4B11EAE64E23}.Release|x86.ActiveCfg = Release|Any CPU
		{C3E447C3-A0A3-40FA-8343-4B11EAE64E23}.Release|x86.Build.0 = Release|Any CPU
		{728347DC-8114-461F-A4C3-2A393E55CE84}.Debug|Any CPU.ActiveCfg = Debug|Any CPU
		{728347DC-8114-461F-A4C3-2A393E55CE84}.Debug|Any CPU.Build.0 = Debug|Any CPU
		{728347DC-8114-461F-A4C3-2A393E55CE84}.Debug|x64.ActiveCfg = Debug|Any CPU
		{728347DC-8114-461F-A4C3-2A393E55CE84}.Debug|x64.Build.0 = Debug|Any CPU
		{728347DC-8114-461F-A4C3-2A393E55CE84}.Debug|x86.ActiveCfg = Debug|Any CPU
		{728347DC-8114-461F-A4C3-2A393E55CE84}.Debug|x86.Build.0 = Debug|Any CPU
		{728347DC-8114-461F-A4C3-2A393E55CE84}.Release|Any CPU.ActiveCfg = Release|Any CPU
		{728347DC-8114-461F-A4C3-2A393E55CE84}.Release|Any CPU.Build.0 = Release|Any CPU
		{728347DC-8114-461F-A4C3-2A393E55CE84}.Release|x64.ActiveCfg = Release|Any CPU
		{728347DC-8114-461F-A4C3-2A393E55CE84}.Release|x64.Build.0 = Release|Any CPU
		{728347DC-8114-461F-A4C3-2A393E55CE84}.Release|x86.ActiveCfg = Release|Any CPU
		{728347DC-8114-461F-A4C3-2A393E55CE84}.Release|x86.Build.0 = Release|Any CPU
		{3D4FD1B8-92E4-478F-8709-5F9F83451CDC}.Debug|Any CPU.ActiveCfg = Debug|Any CPU
		{3D4FD1B8-92E4-478F-8709-5F9F83451CDC}.Debug|Any CPU.Build.0 = Debug|Any CPU
		{3D4FD1B8-92E4-478F-8709-5F9F83451CDC}.Debug|x64.ActiveCfg = Debug|Any CPU
		{3D4FD1B8-92E4-478F-8709-5F9F83451CDC}.Debug|x64.Build.0 = Debug|Any CPU
		{3D4FD1B8-92E4-478F-8709-5F9F83451CDC}.Debug|x86.ActiveCfg = Debug|Any CPU
		{3D4FD1B8-92E4-478F-8709-5F9F83451CDC}.Debug|x86.Build.0 = Debug|Any CPU
		{3D4FD1B8-92E4-478F-8709-5F9F83451CDC}.Release|Any CPU.ActiveCfg = Release|Any CPU
		{3D4FD1B8-92E4-478F-8709-5F9F83451CDC}.Release|Any CPU.Build.0 = Release|Any CPU
		{3D4FD1B8-92E4-478F-8709-5F9F83451CDC}.Release|x64.ActiveCfg = Release|Any CPU
		{3D4FD1B8-92E4-478F-8709-5F9F83451CDC}.Release|x64.Build.0 = Release|Any CPU
		{3D4FD1B8-92E4-478F-8709-5F9F83451CDC}.Release|x86.ActiveCfg = Release|Any CPU
		{3D4FD1B8-92E4-478F-8709-5F9F83451CDC}.Release|x86.Build.0 = Release|Any CPU
		{7991E115-ACD2-4C78-8209-B756EFFBF43E}.Debug|Any CPU.ActiveCfg = Debug|Any CPU
		{7991E115-ACD2-4C78-8209-B756EFFBF43E}.Debug|Any CPU.Build.0 = Debug|Any CPU
		{7991E115-ACD2-4C78-8209-B756EFFBF43E}.Debug|x64.ActiveCfg = Debug|Any CPU
		{7991E115-ACD2-4C78-8209-B756EFFBF43E}.Debug|x64.Build.0 = Debug|Any CPU
		{7991E115-ACD2-4C78-8209-B756EFFBF43E}.Debug|x86.ActiveCfg = Debug|Any CPU
		{7991E115-ACD2-4C78-8209-B756EFFBF43E}.Debug|x86.Build.0 = Debug|Any CPU
		{7991E115-ACD2-4C78-8209-B756EFFBF43E}.Release|Any CPU.ActiveCfg = Release|Any CPU
		{7991E115-ACD2-4C78-8209-B756EFFBF43E}.Release|Any CPU.Build.0 = Release|Any CPU
		{7991E115-ACD2-4C78-8209-B756EFFBF43E}.Release|x64.ActiveCfg = Release|Any CPU
		{7991E115-ACD2-4C78-8209-B756EFFBF43E}.Release|x64.Build.0 = Release|Any CPU
		{7991E115-ACD2-4C78-8209-B756EFFBF43E}.Release|x86.ActiveCfg = Release|Any CPU
		{7991E115-ACD2-4C78-8209-B756EFFBF43E}.Release|x86.Build.0 = Release|Any CPU
		{92A4E979-0145-44CC-9A8B-0F6E0C1B8CBA}.Debug|Any CPU.ActiveCfg = Debug|Any CPU
		{92A4E979-0145-44CC-9A8B-0F6E0C1B8CBA}.Debug|Any CPU.Build.0 = Debug|Any CPU
		{92A4E979-0145-44CC-9A8B-0F6E0C1B8CBA}.Debug|x64.ActiveCfg = Debug|Any CPU
		{92A4E979-0145-44CC-9A8B-0F6E0C1B8CBA}.Debug|x64.Build.0 = Debug|Any CPU
		{92A4E979-0145-44CC-9A8B-0F6E0C1B8CBA}.Debug|x86.ActiveCfg = Debug|Any CPU
		{92A4E979-0145-44CC-9A8B-0F6E0C1B8CBA}.Debug|x86.Build.0 = Debug|Any CPU
		{92A4E979-0145-44CC-9A8B-0F6E0C1B8CBA}.Release|Any CPU.ActiveCfg = Release|Any CPU
		{92A4E979-0145-44CC-9A8B-0F6E0C1B8CBA}.Release|Any CPU.Build.0 = Release|Any CPU
		{92A4E979-0145-44CC-9A8B-0F6E0C1B8CBA}.Release|x64.ActiveCfg = Release|Any CPU
		{92A4E979-0145-44CC-9A8B-0F6E0C1B8CBA}.Release|x64.Build.0 = Release|Any CPU
		{92A4E979-0145-44CC-9A8B-0F6E0C1B8CBA}.Release|x86.ActiveCfg = Release|Any CPU
		{92A4E979-0145-44CC-9A8B-0F6E0C1B8CBA}.Release|x86.Build.0 = Release|Any CPU
		{FC7BDA6C-8BDC-4DA7-B96E-75E3A78E5A48}.Debug|Any CPU.ActiveCfg = Debug|Any CPU
		{FC7BDA6C-8BDC-4DA7-B96E-75E3A78E5A48}.Debug|Any CPU.Build.0 = Debug|Any CPU
		{FC7BDA6C-8BDC-4DA7-B96E-75E3A78E5A48}.Debug|x64.ActiveCfg = Debug|Any CPU
		{FC7BDA6C-8BDC-4DA7-B96E-75E3A78E5A48}.Debug|x64.Build.0 = Debug|Any CPU
		{FC7BDA6C-8BDC-4DA7-B96E-75E3A78E5A48}.Debug|x86.ActiveCfg = Debug|Any CPU
		{FC7BDA6C-8BDC-4DA7-B96E-75E3A78E5A48}.Debug|x86.Build.0 = Debug|Any CPU
		{FC7BDA6C-8BDC-4DA7-B96E-75E3A78E5A48}.Release|Any CPU.ActiveCfg = Release|Any CPU
		{FC7BDA6C-8BDC-4DA7-B96E-75E3A78E5A48}.Release|Any CPU.Build.0 = Release|Any CPU
		{FC7BDA6C-8BDC-4DA7-B96E-75E3A78E5A48}.Release|x64.ActiveCfg = Release|Any CPU
		{FC7BDA6C-8BDC-4DA7-B96E-75E3A78E5A48}.Release|x64.Build.0 = Release|Any CPU
		{FC7BDA6C-8BDC-4DA7-B96E-75E3A78E5A48}.Release|x86.ActiveCfg = Release|Any CPU
		{FC7BDA6C-8BDC-4DA7-B96E-75E3A78E5A48}.Release|x86.Build.0 = Release|Any CPU
	EndGlobalSection
	GlobalSection(NestedProjects) = preSolution
		{50F17565-9A02-4E01-9C07-C6C4AB9DFD00} = {D875A4B4-CF85-417C-A288-2D5159B18ECC}
		{C3E447C3-A0A3-40FA-8343-4B11EAE64E23} = {50F17565-9A02-4E01-9C07-C6C4AB9DFD00}
		{728347DC-8114-461F-A4C3-2A393E55CE84} = {50F17565-9A02-4E01-9C07-C6C4AB9DFD00}
		{3D4FD1B8-92E4-478F-8709-5F9F83451CDC} = {50F17565-9A02-4E01-9C07-C6C4AB9DFD00}
		{7991E115-ACD2-4C78-8209-B756EFFBF43E} = {50F17565-9A02-4E01-9C07-C6C4AB9DFD00}
		{92A4E979-0145-44CC-9A8B-0F6E0C1B8CBA} = {50F17565-9A02-4E01-9C07-C6C4AB9DFD00}
		{FC7BDA6C-8BDC-4DA7-B96E-75E3A78E5A48} = {50F17565-9A02-4E01-9C07-C6C4AB9DFD00}
	EndGlobalSection
EndGlobal
